// !$*UTF8*$!
{
	archiveVersion = 1;
	classes = {
	};
	objectVersion = 48;
	objects = {

/* Begin PBXBuildFile section */
		3E454E50209C9E1900F6EA75 /* AppDelegate.swift in Sources */ = {isa = PBXBuildFile; fileRef = 3E454E4F209C9E1900F6EA75 /* AppDelegate.swift */; };
		3E454E52209C9E1900F6EA75 /* ViewController.swift in Sources */ = {isa = PBXBuildFile; fileRef = 3E454E51209C9E1900F6EA75 /* ViewController.swift */; };
		3E454E55209C9E1900F6EA75 /* Main.storyboard in Resources */ = {isa = PBXBuildFile; fileRef = 3E454E53209C9E1900F6EA75 /* Main.storyboard */; };
		3E454E57209C9E1900F6EA75 /* Assets.xcassets in Resources */ = {isa = PBXBuildFile; fileRef = 3E454E56209C9E1900F6EA75 /* Assets.xcassets */; };
		3E454E5A209C9E1900F6EA75 /* LaunchScreen.storyboard in Resources */ = {isa = PBXBuildFile; fileRef = 3E454E58209C9E1900F6EA75 /* LaunchScreen.storyboard */; };
		3E454E65209C9E1900F6EA75 /* App8MeusFilmesTests.swift in Sources */ = {isa = PBXBuildFile; fileRef = 3E454E64209C9E1900F6EA75 /* App8MeusFilmesTests.swift */; };
		3E454E70209C9E1900F6EA75 /* App8MeusFilmesUITests.swift in Sources */ = {isa = PBXBuildFile; fileRef = 3E454E6F209C9E1900F6EA75 /* App8MeusFilmesUITests.swift */; };
		3E454E7E209C9F7D00F6EA75 /* Filme.swift in Sources */ = {isa = PBXBuildFile; fileRef = 3E454E7D209C9F7D00F6EA75 /* Filme.swift */; };
		3E454E80209CAFC000F6EA75 /* MovieCell.swift in Sources */ = {isa = PBXBuildFile; fileRef = 3E454E7F209CAFC000F6EA75 /* MovieCell.swift */; };
		3EFB646420A29AB100740C90 /* DetalhesViewController.swift in Sources */ = {isa = PBXBuildFile; fileRef = 3EFB646320A29AB100740C90 /* DetalhesViewController.swift */; };
/* End PBXBuildFile section */

/* Begin PBXContainerItemProxy section */
		3E454E61209C9E1900F6EA75 /* PBXContainerItemProxy */ = {
			isa = PBXContainerItemProxy;
			containerPortal = 3E454E44209C9E1900F6EA75 /* Project object */;
			proxyType = 1;
			remoteGlobalIDString = 3E454E4B209C9E1900F6EA75;
			remoteInfo = App8MeusFilmes;
		};
		3E454E6C209C9E1900F6EA75 /* PBXContainerItemProxy */ = {
			isa = PBXContainerItemProxy;
			containerPortal = 3E454E44209C9E1900F6EA75 /* Project object */;
			proxyType = 1;
			remoteGlobalIDString = 3E454E4B209C9E1900F6EA75;
			remoteInfo = App8MeusFilmes;
		};
/* End PBXContainerItemProxy section */

/* Begin PBXFileReference section */
		3E454E4C209C9E1900F6EA75 /* App8MeusFilmes.app */ = {isa = PBXFileReference; explicitFileType = wrapper.application; includeInIndex = 0; path = App8MeusFilmes.app; sourceTree = BUILT_PRODUCTS_DIR; };
		3E454E4F209C9E1900F6EA75 /* AppDelegate.swift */ = {isa = PBXFileReference; lastKnownFileType = sourcecode.swift; path = AppDelegate.swift; sourceTree = "<group>"; };
		3E454E51209C9E1900F6EA75 /* ViewController.swift */ = {isa = PBXFileReference; lastKnownFileType = sourcecode.swift; path = ViewController.swift; sourceTree = "<group>"; };
		3E454E54209C9E1900F6EA75 /* Base */ = {isa = PBXFileReference; lastKnownFileType = file.storyboard; name = Base; path = Base.lproj/Main.storyboard; sourceTree = "<group>"; };
		3E454E56209C9E1900F6EA75 /* Assets.xcassets */ = {isa = PBXFileReference; lastKnownFileType = folder.assetcatalog; path = Assets.xcassets; sourceTree = "<group>"; };
		3E454E59209C9E1900F6EA75 /* Base */ = {isa = PBXFileReference; lastKnownFileType = file.storyboard; name = Base; path = Base.lproj/LaunchScreen.storyboard; sourceTree = "<group>"; };
		3E454E5B209C9E1900F6EA75 /* Info.plist */ = {isa = PBXFileReference; lastKnownFileType = text.plist.xml; path = Info.plist; sourceTree = "<group>"; };
		3E454E60209C9E1900F6EA75 /* App8MeusFilmesTests.xctest */ = {isa = PBXFileReference; explicitFileType = wrapper.cfbundle; includeInIndex = 0; path = App8MeusFilmesTests.xctest; sourceTree = BUILT_PRODUCTS_DIR; };
		3E454E64209C9E1900F6EA75 /* App8MeusFilmesTests.swift */ = {isa = PBXFileReference; lastKnownFileType = sourcecode.swift; path = App8MeusFilmesTests.swift; sourceTree = "<group>"; };
		3E454E66209C9E1900F6EA75 /* Info.plist */ = {isa = PBXFileReference; lastKnownFileType = text.plist.xml; path = Info.plist; sourceTree = "<group>"; };
		3E454E6B209C9E1900F6EA75 /* App8MeusFilmesUITests.xctest */ = {isa = PBXFileReference; explicitFileType = wrapper.cfbundle; includeInIndex = 0; path = App8MeusFilmesUITests.xctest; sourceTree = BUILT_PRODUCTS_DIR; };
		3E454E6F209C9E1900F6EA75 /* App8MeusFilmesUITests.swift */ = {isa = PBXFileReference; lastKnownFileType = sourcecode.swift; path = App8MeusFilmesUITests.swift; sourceTree = "<group>"; };
		3E454E71209C9E1900F6EA75 /* Info.plist */ = {isa = PBXFileReference; lastKnownFileType = text.plist.xml; path = Info.plist; sourceTree = "<group>"; };
		3E454E7D209C9F7D00F6EA75 /* Filme.swift */ = {isa = PBXFileReference; lastKnownFileType = sourcecode.swift; path = Filme.swift; sourceTree = "<group>"; };
		3E454E7F209CAFC000F6EA75 /* MovieCell.swift */ = {isa = PBXFileReference; lastKnownFileType = sourcecode.swift; path = MovieCell.swift; sourceTree = "<group>"; };
		3EFB646320A29AB100740C90 /* DetalhesViewController.swift */ = {isa = PBXFileReference; lastKnownFileType = sourcecode.swift; path = DetalhesViewController.swift; sourceTree = "<group>"; };
/* End PBXFileReference section */

/* Begin PBXFrameworksBuildPhase section */
		3E454E49209C9E1900F6EA75 /* Frameworks */ = {
			isa = PBXFrameworksBuildPhase;
			buildActionMask = 2147483647;
			files = (
			);
			runOnlyForDeploymentPostprocessing = 0;
		};
		3E454E5D209C9E1900F6EA75 /* Frameworks */ = {
			isa = PBXFrameworksBuildPhase;
			buildActionMask = 2147483647;
			files = (
			);
			runOnlyForDeploymentPostprocessing = 0;
		};
		3E454E68209C9E1900F6EA75 /* Frameworks */ = {
			isa = PBXFrameworksBuildPhase;
			buildActionMask = 2147483647;
			files = (
			);
			runOnlyForDeploymentPostprocessing = 0;
		};
/* End PBXFrameworksBuildPhase section */

/* Begin PBXGroup section */
		3E454E43209C9E1900F6EA75 = {
			isa = PBXGroup;
			children = (
				3E454E4E209C9E1900F6EA75 /* App8MeusFilmes */,
				3E454E63209C9E1900F6EA75 /* App8MeusFilmesTests */,
				3E454E6E209C9E1900F6EA75 /* App8MeusFilmesUITests */,
				3E454E4D209C9E1900F6EA75 /* Products */,
			);
			sourceTree = "<group>";
		};
		3E454E4D209C9E1900F6EA75 /* Products */ = {
			isa = PBXGroup;
			children = (
				3E454E4C209C9E1900F6EA75 /* App8MeusFilmes.app */,
				3E454E60209C9E1900F6EA75 /* App8MeusFilmesTests.xctest */,
				3E454E6B209C9E1900F6EA75 /* App8MeusFilmesUITests.xctest */,
			);
			name = Products;
			sourceTree = "<group>";
		};
		3E454E4E209C9E1900F6EA75 /* App8MeusFilmes */ = {
			isa = PBXGroup;
			children = (
				3E454E4F209C9E1900F6EA75 /* AppDelegate.swift */,
				3E454E51209C9E1900F6EA75 /* ViewController.swift */,
				3E454E53209C9E1900F6EA75 /* Main.storyboard */,
				3E454E56209C9E1900F6EA75 /* Assets.xcassets */,
				3E454E58209C9E1900F6EA75 /* LaunchScreen.storyboard */,
				3E454E5B209C9E1900F6EA75 /* Info.plist */,
				3E454E7D209C9F7D00F6EA75 /* Filme.swift */,
				3E454E7F209CAFC000F6EA75 /* MovieCell.swift */,
				3EFB646320A29AB100740C90 /* DetalhesViewController.swift */,
			);
			path = App8MeusFilmes;
			sourceTree = "<group>";
		};
		3E454E63209C9E1900F6EA75 /* App8MeusFilmesTests */ = {
			isa = PBXGroup;
			children = (
				3E454E64209C9E1900F6EA75 /* App8MeusFilmesTests.swift */,
				3E454E66209C9E1900F6EA75 /* Info.plist */,
			);
			path = App8MeusFilmesTests;
			sourceTree = "<group>";
		};
		3E454E6E209C9E1900F6EA75 /* App8MeusFilmesUITests */ = {
			isa = PBXGroup;
			children = (
				3E454E6F209C9E1900F6EA75 /* App8MeusFilmesUITests.swift */,
				3E454E71209C9E1900F6EA75 /* Info.plist */,
			);
			path = App8MeusFilmesUITests;
			sourceTree = "<group>";
		};
/* End PBXGroup section */

/* Begin PBXNativeTarget section */
		3E454E4B209C9E1900F6EA75 /* App8MeusFilmes */ = {
			isa = PBXNativeTarget;
			buildConfigurationList = 3E454E74209C9E1900F6EA75 /* Build configuration list for PBXNativeTarget "App8MeusFilmes" */;
			buildPhases = (
				3E454E48209C9E1900F6EA75 /* Sources */,
				3E454E49209C9E1900F6EA75 /* Frameworks */,
				3E454E4A209C9E1900F6EA75 /* Resources */,
			);
			buildRules = (
			);
			dependencies = (
			);
			name = App8MeusFilmes;
			productName = App8MeusFilmes;
			productReference = 3E454E4C209C9E1900F6EA75 /* App8MeusFilmes.app */;
			productType = "com.apple.product-type.application";
		};
		3E454E5F209C9E1900F6EA75 /* App8MeusFilmesTests */ = {
			isa = PBXNativeTarget;
			buildConfigurationList = 3E454E77209C9E1900F6EA75 /* Build configuration list for PBXNativeTarget "App8MeusFilmesTests" */;
			buildPhases = (
				3E454E5C209C9E1900F6EA75 /* Sources */,
				3E454E5D209C9E1900F6EA75 /* Frameworks */,
				3E454E5E209C9E1900F6EA75 /* Resources */,
			);
			buildRules = (
			);
			dependencies = (
				3E454E62209C9E1900F6EA75 /* PBXTargetDependency */,
			);
			name = App8MeusFilmesTests;
			productName = App8MeusFilmesTests;
			productReference = 3E454E60209C9E1900F6EA75 /* App8MeusFilmesTests.xctest */;
			productType = "com.apple.product-type.bundle.unit-test";
		};
		3E454E6A209C9E1900F6EA75 /* App8MeusFilmesUITests */ = {
			isa = PBXNativeTarget;
			buildConfigurationList = 3E454E7A209C9E1900F6EA75 /* Build configuration list for PBXNativeTarget "App8MeusFilmesUITests" */;
			buildPhases = (
				3E454E67209C9E1900F6EA75 /* Sources */,
				3E454E68209C9E1900F6EA75 /* Frameworks */,
				3E454E69209C9E1900F6EA75 /* Resources */,
			);
			buildRules = (
			);
			dependencies = (
				3E454E6D209C9E1900F6EA75 /* PBXTargetDependency */,
			);
			name = App8MeusFilmesUITests;
			productName = App8MeusFilmesUITests;
			productReference = 3E454E6B209C9E1900F6EA75 /* App8MeusFilmesUITests.xctest */;
			productType = "com.apple.product-type.bundle.ui-testing";
		};
/* End PBXNativeTarget section */

/* Begin PBXProject section */
		3E454E44209C9E1900F6EA75 /* Project object */ = {
			isa = PBXProject;
			attributes = {
				LastSwiftUpdateCheck = 0920;
				LastUpgradeCheck = 0920;
				ORGANIZATIONNAME = Codgin;
				TargetAttributes = {
					3E454E4B209C9E1900F6EA75 = {
						CreatedOnToolsVersion = 9.2;
						ProvisioningStyle = Automatic;
					};
					3E454E5F209C9E1900F6EA75 = {
						CreatedOnToolsVersion = 9.2;
						ProvisioningStyle = Automatic;
						TestTargetID = 3E454E4B209C9E1900F6EA75;
					};
					3E454E6A209C9E1900F6EA75 = {
						CreatedOnToolsVersion = 9.2;
						ProvisioningStyle = Automatic;
						TestTargetID = 3E454E4B209C9E1900F6EA75;
					};
				};
			};
			buildConfigurationList = 3E454E47209C9E1900F6EA75 /* Build configuration list for PBXProject "App8MeusFilmes" */;
			compatibilityVersion = "Xcode 8.0";
			developmentRegion = en;
			hasScannedForEncodings = 0;
			knownRegions = (
				en,
				Base,
			);
			mainGroup = 3E454E43209C9E1900F6EA75;
			productRefGroup = 3E454E4D209C9E1900F6EA75 /* Products */;
			projectDirPath = "";
			projectRoot = "";
			targets = (
				3E454E4B209C9E1900F6EA75 /* App8MeusFilmes */,
				3E454E5F209C9E1900F6EA75 /* App8MeusFilmesTests */,
				3E454E6A209C9E1900F6EA75 /* App8MeusFilmesUITests */,
			);
		};
/* End PBXProject section */

/* Begin PBXResourcesBuildPhase section */
		3E454E4A209C9E1900F6EA75 /* Resources */ = {
			isa = PBXResourcesBuildPhase;
			buildActionMask = 2147483647;
			files = (
				3E454E5A209C9E1900F6EA75 /* LaunchScreen.storyboard in Resources */,
				3E454E57209C9E1900F6EA75 /* Assets.xcassets in Resources */,
				3E454E55209C9E1900F6EA75 /* Main.storyboard in Resources */,
			);
			runOnlyForDeploymentPostprocessing = 0;
		};
		3E454E5E209C9E1900F6EA75 /* Resources */ = {
			isa = PBXResourcesBuildPhase;
			buildActionMask = 2147483647;
			files = (
			);
			runOnlyForDeploymentPostprocessing = 0;
		};
		3E454E69209C9E1900F6EA75 /* Resources */ = {
			isa = PBXResourcesBuildPhase;
			buildActionMask = 2147483647;
			files = (
			);
			runOnlyForDeploymentPostprocessing = 0;
		};
/* End PBXResourcesBuildPhase section */

/* Begin PBXSourcesBuildPhase section */
		3E454E48209C9E1900F6EA75 /* Sources */ = {
			isa = PBXSourcesBuildPhase;
			buildActionMask = 2147483647;
			files = (
				3E454E52209C9E1900F6EA75 /* ViewController.swift in Sources */,
				3E454E7E209C9F7D00F6EA75 /* Filme.swift in Sources */,
				3E454E80209CAFC000F6EA75 /* MovieCell.swift in Sources */,
				3EFB646420A29AB100740C90 /* DetalhesViewController.swift in Sources */,
				3E454E50209C9E1900F6EA75 /* AppDelegate.swift in Sources */,
			);
			runOnlyForDeploymentPostprocessing = 0;
		};
		3E454E5C209C9E1900F6EA75 /* Sources */ = {
			isa = PBXSourcesBuildPhase;
			buildActionMask = 2147483647;
			files = (
				3E454E65209C9E1900F6EA75 /* App8MeusFilmesTests.swift in Sources */,
			);
			runOnlyForDeploymentPostprocessing = 0;
		};
		3E454E67209C9E1900F6EA75 /* Sources */ = {
			isa = PBXSourcesBuildPhase;
			buildActionMask = 2147483647;
			files = (
				3E454E70209C9E1900F6EA75 /* App8MeusFilmesUITests.swift in Sources */,
			);
			runOnlyForDeploymentPostprocessing = 0;
		};
/* End PBXSourcesBuildPhase section */

/* Begin PBXTargetDependency section */
		3E454E62209C9E1900F6EA75 /* PBXTargetDependency */ = {
			isa = PBXTargetDependency;
			target = 3E454E4B209C9E1900F6EA75 /* App8MeusFilmes */;
			targetProxy = 3E454E61209C9E1900F6EA75 /* PBXContainerItemProxy */;
		};
		3E454E6D209C9E1900F6EA75 /* PBXTargetDependency */ = {
			isa = PBXTargetDependency;
			target = 3E454E4B209C9E1900F6EA75 /* App8MeusFilmes */;
			targetProxy = 3E454E6C209C9E1900F6EA75 /* PBXContainerItemProxy */;
		};
/* End PBXTargetDependency section */

/* Begin PBXVariantGroup section */
		3E454E53209C9E1900F6EA75 /* Main.storyboard */ = {
			isa = PBXVariantGroup;
			children = (
				3E454E54209C9E1900F6EA75 /* Base */,
			);
			name = Main.storyboard;
			sourceTree = "<group>";
		};
		3E454E58209C9E1900F6EA75 /* LaunchScreen.storyboard */ = {
			isa = PBXVariantGroup;
			children = (
				3E454E59209C9E1900F6EA75 /* Base */,
			);
			name = LaunchScreen.storyboard;
			sourceTree = "<group>";
		};
/* End PBXVariantGroup section */

/* Begin XCBuildConfiguration section */
		3E454E72209C9E1900F6EA75 /* Debug */ = {
			isa = XCBuildConfiguration;
			buildSettings = {
				ALWAYS_SEARCH_USER_PATHS = NO;
				CLANG_ANALYZER_NONNULL = YES;
				CLANG_ANALYZER_NUMBER_OBJECT_CONVERSION = YES_AGGRESSIVE;
				CLANG_CXX_LANGUAGE_STANDARD = "gnu++14";
				CLANG_CXX_LIBRARY = "libc++";
				CLANG_ENABLE_MODULES = YES;
				CLANG_ENABLE_OBJC_ARC = YES;
				CLANG_WARN_BLOCK_CAPTURE_AUTORELEASING = YES;
				CLANG_WARN_BOOL_CONVERSION = YES;
				CLANG_WARN_COMMA = YES;
				CLANG_WARN_CONSTANT_CONVERSION = YES;
				CLANG_WARN_DIRECT_OBJC_ISA_USAGE = YES_ERROR;
				CLANG_WARN_DOCUMENTATION_COMMENTS = YES;
				CLANG_WARN_EMPTY_BODY = YES;
				CLANG_WARN_ENUM_CONVERSION = YES;
				CLANG_WARN_INFINITE_RECURSION = YES;
				CLANG_WARN_INT_CONVERSION = YES;
				CLANG_WARN_NON_LITERAL_NULL_CONVERSION = YES;
				CLANG_WARN_OBJC_LITERAL_CONVERSION = YES;
				CLANG_WARN_OBJC_ROOT_CLASS = YES_ERROR;
				CLANG_WARN_RANGE_LOOP_ANALYSIS = YES;
				CLANG_WARN_STRICT_PROTOTYPES = YES;
				CLANG_WARN_SUSPICIOUS_MOVE = YES;
				CLANG_WARN_UNGUARDED_AVAILABILITY = YES_AGGRESSIVE;
				CLANG_WARN_UNREACHABLE_CODE = YES;
				CLANG_WARN__DUPLICATE_METHOD_MATCH = YES;
				CODE_SIGN_IDENTITY = "iPhone Developer";
				COPY_PHASE_STRIP = NO;
				DEBUG_INFORMATION_FORMAT = dwarf;
				ENABLE_STRICT_OBJC_MSGSEND = YES;
				ENABLE_TESTABILITY = YES;
				GCC_C_LANGUAGE_STANDARD = gnu11;
				GCC_DYNAMIC_NO_PIC = NO;
				GCC_NO_COMMON_BLOCKS = YES;
				GCC_OPTIMIZATION_LEVEL = 0;
				GCC_PREPROCESSOR_DEFINITIONS = (
					"DEBUG=1",
					"$(inherited)",
				);
				GCC_WARN_64_TO_32_BIT_CONVERSION = YES;
				GCC_WARN_ABOUT_RETURN_TYPE = YES_ERROR;
				GCC_WARN_UNDECLARED_SELECTOR = YES;
				GCC_WARN_UNINITIALIZED_AUTOS = YES_AGGRESSIVE;
				GCC_WARN_UNUSED_FUNCTION = YES;
				GCC_WARN_UNUSED_VARIABLE = YES;
				IPHONEOS_DEPLOYMENT_TARGET = 11.2;
				MTL_ENABLE_DEBUG_INFO = YES;
				ONLY_ACTIVE_ARCH = YES;
				SDKROOT = iphoneos;
				SWIFT_ACTIVE_COMPILATION_CONDITIONS = DEBUG;
				SWIFT_OPTIMIZATION_LEVEL = "-Onone";
			};
			name = Debug;
		};
		3E454E73209C9E1900F6EA75 /* Release */ = {
			isa = XCBuildConfiguration;
			buildSettings = {
				ALWAYS_SEARCH_USER_PATHS = NO;
				CLANG_ANALYZER_NONNULL = YES;
				CLANG_ANALYZER_NUMBER_OBJECT_CONVERSION = YES_AGGRESSIVE;
				CLANG_CXX_LANGUAGE_STANDARD = "gnu++14";
				CLANG_CXX_LIBRARY = "libc++";
				CLANG_ENABLE_MODULES = YES;
				CLANG_ENABLE_OBJC_ARC = YES;
				CLANG_WARN_BLOCK_CAPTURE_AUTORELEASING = YES;
				CLANG_WARN_BOOL_CONVERSION = YES;
				CLANG_WARN_COMMA = YES;
				CLANG_WARN_CONSTANT_CONVERSION = YES;
				CLANG_WARN_DIRECT_OBJC_ISA_USAGE = YES_ERROR;
				CLANG_WARN_DOCUMENTATION_COMMENTS = YES;
				CLANG_WARN_EMPTY_BODY = YES;
				CLANG_WARN_ENUM_CONVERSION = YES;
				CLANG_WARN_INFINITE_RECURSION = YES;
				CLANG_WARN_INT_CONVERSION = YES;
				CLANG_WARN_NON_LITERAL_NULL_CONVERSION = YES;
				CLANG_WARN_OBJC_LITERAL_CONVERSION = YES;
				CLANG_WARN_OBJC_ROOT_CLASS = YES_ERROR;
				CLANG_WARN_RANGE_LOOP_ANALYSIS = YES;
				CLANG_WARN_STRICT_PROTOTYPES = YES;
				CLANG_WARN_SUSPICIOUS_MOVE = YES;
				CLANG_WARN_UNGUARDED_AVAILABILITY = YES_AGGRESSIVE;
				CLANG_WARN_UNREACHABLE_CODE = YES;
				CLANG_WARN__DUPLICATE_METHOD_MATCH = YES;
				CODE_SIGN_IDENTITY = "iPhone Developer";
				COPY_PHASE_STRIP = NO;
				DEBUG_INFORMATION_FORMAT = "dwarf-with-dsym";
				ENABLE_NS_ASSERTIONS = NO;
				ENABLE_STRICT_OBJC_MSGSEND = YES;
				GCC_C_LANGUAGE_STANDARD = gnu11;
				GCC_NO_COMMON_BLOCKS = YES;
				GCC_WARN_64_TO_32_BIT_CONVERSION = YES;
				GCC_WARN_ABOUT_RETURN_TYPE = YES_ERROR;
				GCC_WARN_UNDECLARED_SELECTOR = YES;
				GCC_WARN_UNINITIALIZED_AUTOS = YES_AGGRESSIVE;
				GCC_WARN_UNUSED_FUNCTION = YES;
				GCC_WARN_UNUSED_VARIABLE = YES;
				IPHONEOS_DEPLOYMENT_TARGET = 11.2;
				MTL_ENABLE_DEBUG_INFO = NO;
				SDKROOT = iphoneos;
				SWIFT_OPTIMIZATION_LEVEL = "-Owholemodule";
				VALIDATE_PRODUCT = YES;
			};
			name = Release;
		};
		3E454E75209C9E1900F6EA75 /* Debug */ = {
			isa = XCBuildConfiguration;
			buildSettings = {
				ASSETCATALOG_COMPILER_APPICON_NAME = AppIcon;
				CODE_SIGN_STYLE = Automatic;
				INFOPLIST_FILE = App8MeusFilmes/Info.plist;
				LD_RUNPATH_SEARCH_PATHS = "$(inherited) @executable_path/Frameworks";
				PRODUCT_BUNDLE_IDENTIFIER = com.codgin.App8MeusFilmes;
				PRODUCT_NAME = "$(TARGET_NAME)";
				SWIFT_VERSION = 4.0;
				TARGETED_DEVICE_FAMILY = "1,2";
			};
			name = Debug;
		};
		3E454E76209C9E1900F6EA75 /* Release */ = {
			isa = XCBuildConfiguration;
			buildSettings = {
				ASSETCATALOG_COMPILER_APPICON_NAME = AppIcon;
				CODE_SIGN_STYLE = Automatic;
				INFOPLIST_FILE = App8MeusFilmes/Info.plist;
				LD_RUNPATH_SEARCH_PATHS = "$(inherited) @executable_path/Frameworks";
				PRODUCT_BUNDLE_IDENTIFIER = com.codgin.App8MeusFilmes;
				PRODUCT_NAME = "$(TARGET_NAME)";
				SWIFT_VERSION = 4.0;
				TARGETED_DEVICE_FAMILY = "1,2";
			};
			name = Release;
		};
		3E454E78209C9E1900F6EA75 /* Debug */ = {
			isa = XCBuildConfiguration;
			buildSettings = {
				ALWAYS_EMBED_SWIFT_STANDARD_LIBRARIES = YES;
				BUNDLE_LOADER = "$(TEST_HOST)";
				CODE_SIGN_STYLE = Automatic;
				INFOPLIST_FILE = App8MeusFilmesTests/Info.plist;
				LD_RUNPATH_SEARCH_PATHS = "$(inherited) @executable_path/Frameworks @loader_path/Frameworks";
				PRODUCT_BUNDLE_IDENTIFIER = com.codgin.App8MeusFilmesTests;
				PRODUCT_NAME = "$(TARGET_NAME)";
				SWIFT_VERSION = 4.0;
				TARGETED_DEVICE_FAMILY = "1,2";
				TEST_HOST = "$(BUILT_PRODUCTS_DIR)/App8MeusFilmes.app/App8MeusFilmes";
			};
			name = Debug;
		};
		3E454E79209C9E1900F6EA75 /* Release */ = {
			isa = XCBuildConfiguration;
			buildSettings = {
				ALWAYS_EMBED_SWIFT_STANDARD_LIBRARIES = YES;
				BUNDLE_LOADER = "$(TEST_HOST)";
				CODE_SIGN_STYLE = Automatic;
				INFOPLIST_FILE = App8MeusFilmesTests/Info.plist;
				LD_RUNPATH_SEARCH_PATHS = "$(inherited) @executable_path/Frameworks @loader_path/Frameworks";
				PRODUCT_BUNDLE_IDENTIFIER = com.codgin.App8MeusFilmesTests;
				PRODUCT_NAME = "$(TARGET_NAME)";
				SWIFT_VERSION = 4.0;
				TARGETED_DEVICE_FAMILY = "1,2";
				TEST_HOST = "$(BUILT_PRODUCTS_DIR)/App8MeusFilmes.app/App8MeusFilmes";
			};
			name = Release;
		};
		3E454E7B209C9E1900F6EA75 /* Debug */ = {
			isa = XCBuildConfiguration;
			buildSettings = {
				ALWAYS_EMBED_SWIFT_STANDARD_LIBRARIES = YES;
				CODE_SIGN_STYLE = Automatic;
				INFOPLIST_FILE = App8MeusFilmesUITests/Info.plist;
				LD_RUNPATH_SEARCH_PATHS = "$(inherited) @executable_path/Frameworks @loader_path/Frameworks";
				PRODUCT_BUNDLE_IDENTIFIER = com.codgin.App8MeusFilmesUITests;
				PRODUCT_NAME = "$(TARGET_NAME)";
				SWIFT_VERSION = 4.0;
				TARGETED_DEVICE_FAMILY = "1,2";
				TEST_TARGET_NAME = App8MeusFilmes;
			};
			name = Debug;
		};
		3E454E7C209C9E1900F6EA75 /* Release */ = {
			isa = XCBuildConfiguration;
			buildSettings = {
				ALWAYS_EMBED_SWIFT_STANDARD_LIBRARIES = YES;
				CODE_SIGN_STYLE = Automatic;
				INFOPLIST_FILE = App8MeusFilmesUITests/Info.plist;
				LD_RUNPATH_SEARCH_PATHS = "$(inherited) @executable_path/Frameworks @loader_path/Frameworks";
				PRODUCT_BUNDLE_IDENTIFIER = com.codgin.App8MeusFilmesUITests;
				PRODUCT_NAME = "$(TARGET_NAME)";
				SWIFT_VERSION = 4.0;
				TARGETED_DEVICE_FAMILY = "1,2";
				TEST_TARGET_NAME = App8MeusFilmes;
			};
			name = Release;
		};
/* End XCBuildConfiguration section */

/* Begin XCConfigurationList section */
		3E454E47209C9E1900F6EA75 /* Build configuration list for PBXProject "App8MeusFilmes" */ = {
			isa = XCConfigurationList;
			buildConfigurations = (
				3E454E72209C9E1900F6EA75 /* Debug */,
				3E454E73209C9E1900F6EA75 /* Release */,
			);
			defaultConfigurationIsVisible = 0;
			defaultConfigurationName = Release;
		};
		3E454E74209C9E1900F6EA75 /* Build configuration list for PBXNativeTarget "App8MeusFilmes" */ = {
			isa = XCConfigurationList;
			buildConfigurations = (
				3E454E75209C9E1900F6EA75 /* Debug */,
				3E454E76209C9E1900F6EA75 /* Release */,
			);
			defaultConfigurationIsVisible = 0;
			defaultConfigurationName = Release;
		};
		3E454E77209C9E1900F6EA75 /* Build configuration list for PBXNativeTarget "App8MeusFilmesTests" */ = {
			isa = XCConfigurationList;
			buildConfigurations = (
				3E454E78209C9E1900F6EA75 /* Debug */,
				3E454E79209C9E1900F6EA75 /* Release */,
			);
			defaultConfigurationIsVisible = 0;
			defaultConfigurationName = Release;
		};
		3E454E7A209C9E1900F6EA75 /* Build configuration list for PBXNativeTarget "App8MeusFilmesUITests" */ = {
			isa = XCConfigurationList;
			buildConfigurations = (
				3E454E7B209C9E1900F6EA75 /* Debug */,
				3E454E7C209C9E1900F6EA75 /* Release */,
			);
			defaultConfigurationIsVisible = 0;
			defaultConfigurationName = Release;
		};
/* End XCConfigurationList section */
	};
	rootObject = 3E454E44209C9E1900F6EA75 /* Project object */;
}
